// !$*UTF8*$!
{
	archiveVersion = 1;
	classes = {
	};
	objectVersion = 46;
	objects = {

/* Begin PBXBuildFile section */
		062AA3B41E90B4A400B26F44 /* Constants.swift in Sources */ = {isa = PBXBuildFile; fileRef = 062AA3B31E90B4A400B26F44 /* Constants.swift */; };
		067ADA001E7D13C90030C686 /* AppDelegate.swift in Sources */ = {isa = PBXBuildFile; fileRef = 067AD9FF1E7D13C90030C686 /* AppDelegate.swift */; };
		067ADA051E7D13CA0030C686 /* Main.storyboard in Resources */ = {isa = PBXBuildFile; fileRef = 067ADA031E7D13CA0030C686 /* Main.storyboard */; };
		067ADA081E7D13CB0030C686 /* BPNBTV.xcdatamodeld in Sources */ = {isa = PBXBuildFile; fileRef = 067ADA061E7D13CB0030C686 /* BPNBTV.xcdatamodeld */; };
		067ADA0A1E7D13CB0030C686 /* Assets.xcassets in Resources */ = {isa = PBXBuildFile; fileRef = 067ADA091E7D13CB0030C686 /* Assets.xcassets */; };
		067ADA0D1E7D13CC0030C686 /* LaunchScreen.storyboard in Resources */ = {isa = PBXBuildFile; fileRef = 067ADA0B1E7D13CC0030C686 /* LaunchScreen.storyboard */; };
		067ADA181E7D13D60030C686 /* BPNBTVTests.swift in Sources */ = {isa = PBXBuildFile; fileRef = 067ADA171E7D13D60030C686 /* BPNBTVTests.swift */; };
		067ADA231E7D13D70030C686 /* BPNBTVUITests.swift in Sources */ = {isa = PBXBuildFile; fileRef = 067ADA221E7D13D70030C686 /* BPNBTVUITests.swift */; };
		180865D91EE9857200930FB5 /* NewMenuVC.swift in Sources */ = {isa = PBXBuildFile; fileRef = 180865D81EE9857200930FB5 /* NewMenuVC.swift */; };
		180865DE1EE9876900930FB5 /* NewMenuVCExtension.swift in Sources */ = {isa = PBXBuildFile; fileRef = 180865DD1EE9876900930FB5 /* NewMenuVCExtension.swift */; };
		1809E3851F0ACCF400A9DFDD /* KontakViewController.swift in Sources */ = {isa = PBXBuildFile; fileRef = 1809E3841F0ACCF400A9DFDD /* KontakViewController.swift */; };
		1809E3871F0AD00700A9DFDD /* KontakModel.swift in Sources */ = {isa = PBXBuildFile; fileRef = 1809E3861F0AD00700A9DFDD /* KontakModel.swift */; };
		18123F0E1F091DFF00ED411C /* DetailHeader.swift in Sources */ = {isa = PBXBuildFile; fileRef = 18123F0D1F091DFF00ED411C /* DetailHeader.swift */; };
		1813F27B1EF5BA30004B2422 /* HomeViewController.swift in Sources */ = {isa = PBXBuildFile; fileRef = 1813F27A1EF5BA30004B2422 /* HomeViewController.swift */; };
		1813F27D1EF5BB36004B2422 /* Content.storyboard in Resources */ = {isa = PBXBuildFile; fileRef = 1813F27C1EF5BB36004B2422 /* Content.storyboard */; };
		1813F27F1EF5BB76004B2422 /* CollectionViewController.swift in Sources */ = {isa = PBXBuildFile; fileRef = 1813F27E1EF5BB76004B2422 /* CollectionViewController.swift */; };
		1813F2811EF5BBEB004B2422 /* ProfileViewController.swift in Sources */ = {isa = PBXBuildFile; fileRef = 1813F2801EF5BBEB004B2422 /* ProfileViewController.swift */; };
		182046A81E93241B0094D91C /* Serializer.swift in Sources */ = {isa = PBXBuildFile; fileRef = 182046A71E93241B0094D91C /* Serializer.swift */; };
		182707DB1E9D5FA8000530E5 /* CollapsibleTableViewHeader.swift in Sources */ = {isa = PBXBuildFile; fileRef = 182707DA1E9D5FA8000530E5 /* CollapsibleTableViewHeader.swift */; };
		183F16A71F038B4900DDED4C /* LeftCellCV.xib in Resources */ = {isa = PBXBuildFile; fileRef = 183F16A61F038B4900DDED4C /* LeftCellCV.xib */; };
		183F16A91F038B5700DDED4C /* RightCellCV.xib in Resources */ = {isa = PBXBuildFile; fileRef = 183F16A81F038B5700DDED4C /* RightCellCV.xib */; };
		183F16AB1F038E7E00DDED4C /* LeftCellCV.swift in Sources */ = {isa = PBXBuildFile; fileRef = 183F16AA1F038E7E00DDED4C /* LeftCellCV.swift */; };
		1856E83B1F0E066900E765BD /* SectionCategoryHeader.swift in Sources */ = {isa = PBXBuildFile; fileRef = 1856E83A1F0E066900E765BD /* SectionCategoryHeader.swift */; };
		185EB87C1E957DEC00D7841F /* ContainerViewController.swift in Sources */ = {isa = PBXBuildFile; fileRef = 185EB87B1E957DEC00D7841F /* ContainerViewController.swift */; };
		185EB87E1E95847E00D7841F /* UIApplication.swift in Sources */ = {isa = PBXBuildFile; fileRef = 185EB87D1E95847E00D7841F /* UIApplication.swift */; };
		185EB8801E95871200D7841F /* UIViewController.swift in Sources */ = {isa = PBXBuildFile; fileRef = 185EB87F1E95871200D7841F /* UIViewController.swift */; };
		185EB8831E958A7800D7841F /* UIColor.swift in Sources */ = {isa = PBXBuildFile; fileRef = 185EB8821E958A7800D7841F /* UIColor.swift */; };
		186116F81EE84B9A0007871D /* NSObject.swift in Sources */ = {isa = PBXBuildFile; fileRef = 186116F71EE84B9A0007871D /* NSObject.swift */; };
		186320F61EF6984700ED4ED2 /* ProfileModel.swift in Sources */ = {isa = PBXBuildFile; fileRef = 186320F51EF6984700ED4ED2 /* ProfileModel.swift */; };
		186604CE1E95282B002C2016 /* MenuModel.swift in Sources */ = {isa = PBXBuildFile; fileRef = 186604CD1E95282B002C2016 /* MenuModel.swift */; };
		186604D21E9535D7002C2016 /* BRouter.swift in Sources */ = {isa = PBXBuildFile; fileRef = 186604D11E9535D7002C2016 /* BRouter.swift */; };
		186604D61E9564E1002C2016 /* VideoModel.swift in Sources */ = {isa = PBXBuildFile; fileRef = 186604D51E9564E1002C2016 /* VideoModel.swift */; };
		1896B9D11F1269FB004470A2 /* bnpbtv.png in Resources */ = {isa = PBXBuildFile; fileRef = 1896B9D01F1269FB004470A2 /* bnpbtv.png */; };
		1896B9D31F12815C004470A2 /* GoogleService-Info.plist in Resources */ = {isa = PBXBuildFile; fileRef = 1896B9D21F12815C004470A2 /* GoogleService-Info.plist */; };
		189765D41E975CFE00D05B48 /* MenuTVCell.xib in Resources */ = {isa = PBXBuildFile; fileRef = 189765D31E975CFE00D05B48 /* MenuTVCell.xib */; };
		189765D61E975D6900D05B48 /* MenuTVCell.swift in Sources */ = {isa = PBXBuildFile; fileRef = 189765D51E975D6900D05B48 /* MenuTVCell.swift */; };
		18E0683F1F06479600277353 /* RightCellCV.swift in Sources */ = {isa = PBXBuildFile; fileRef = 18E0683E1F06479600277353 /* RightCellCV.swift */; };
		18E068411F07164600277353 /* ColletionFooterIndicator.xib in Resources */ = {isa = PBXBuildFile; fileRef = 18E068401F07164600277353 /* ColletionFooterIndicator.xib */; };
		18E068431F0716B200277353 /* CollectionFooterIndicator.swift in Sources */ = {isa = PBXBuildFile; fileRef = 18E068421F0716B200277353 /* CollectionFooterIndicator.swift */; };
		18E068471F077E4900277353 /* DetailContentViewController.swift in Sources */ = {isa = PBXBuildFile; fileRef = 18E068461F077E4900277353 /* DetailContentViewController.swift */; };
		18F15EEA1EF051A900B82694 /* OrderedDict.swift in Sources */ = {isa = PBXBuildFile; fileRef = 18F15EE91EF051A900B82694 /* OrderedDict.swift */; };
		18F742FE1EEEF5DB00CD6B40 /* MenuSection.swift in Sources */ = {isa = PBXBuildFile; fileRef = 18F742FD1EEEF5DB00CD6B40 /* MenuSection.swift */; };
		18F743001EEF04FF00CD6B40 /* StringExtension.swift in Sources */ = {isa = PBXBuildFile; fileRef = 18F742FF1EEF04FF00CD6B40 /* StringExtension.swift */; };
		18FB23D91F0BF34A0083071C /* Player.swift in Sources */ = {isa = PBXBuildFile; fileRef = 18FB23D81F0BF34A0083071C /* Player.swift */; };
		18FC04D41EF81E500092A17E /* HeadlineModel.swift in Sources */ = {isa = PBXBuildFile; fileRef = 18FC04D31EF81E500092A17E /* HeadlineModel.swift */; };
		18FC04D61EF821A50092A17E /* RequestHelper.swift in Sources */ = {isa = PBXBuildFile; fileRef = 18FC04D51EF821A50092A17E /* RequestHelper.swift */; };
		18FC04D81EF822270092A17E /* AlertHelper.swift in Sources */ = {isa = PBXBuildFile; fileRef = 18FC04D71EF822270092A17E /* AlertHelper.swift */; };
		C33FD525DF27B3541A82C729 /* Pods_BPNBTVUITests.framework in Frameworks */ = {isa = PBXBuildFile; fileRef = C67F85601B29257AA22EC884 /* Pods_BPNBTVUITests.framework */; };
		D86BAB7FB5E1D4FF752CC46F /* Pods_BPNBTV.framework in Frameworks */ = {isa = PBXBuildFile; fileRef = 6B7CBB83C5D0561C30D05A27 /* Pods_BPNBTV.framework */; };
		F4714396D4937D91A313B89F /* Pods_BPNBTVTests.framework in Frameworks */ = {isa = PBXBuildFile; fileRef = BA45AA90FD08F107321FF848 /* Pods_BPNBTVTests.framework */; };
/* End PBXBuildFile section */

/* Begin PBXContainerItemProxy section */
		067ADA141E7D13D60030C686 /* PBXContainerItemProxy */ = {
			isa = PBXContainerItemProxy;
			containerPortal = 067AD9F41E7D13C30030C686 /* Project object */;
			proxyType = 1;
			remoteGlobalIDString = 067AD9FB1E7D13C30030C686;
			remoteInfo = BPNBTV;
		};
		067ADA1F1E7D13D70030C686 /* PBXContainerItemProxy */ = {
			isa = PBXContainerItemProxy;
			containerPortal = 067AD9F41E7D13C30030C686 /* Project object */;
			proxyType = 1;
			remoteGlobalIDString = 067AD9FB1E7D13C30030C686;
			remoteInfo = BPNBTV;
		};
/* End PBXContainerItemProxy section */

/* Begin PBXFileReference section */
		062AA3B31E90B4A400B26F44 /* Constants.swift */ = {isa = PBXFileReference; fileEncoding = 4; lastKnownFileType = sourcecode.swift; path = Constants.swift; sourceTree = "<group>"; };
		067AD9FC1E7D13C90030C686 /* BPNBTV.app */ = {isa = PBXFileReference; explicitFileType = wrapper.application; includeInIndex = 0; path = BPNBTV.app; sourceTree = BUILT_PRODUCTS_DIR; };
		067AD9FF1E7D13C90030C686 /* AppDelegate.swift */ = {isa = PBXFileReference; lastKnownFileType = sourcecode.swift; path = AppDelegate.swift; sourceTree = "<group>"; };
		067ADA041E7D13CA0030C686 /* Base */ = {isa = PBXFileReference; lastKnownFileType = file.storyboard; name = Base; path = Base.lproj/Main.storyboard; sourceTree = "<group>"; };
		067ADA071E7D13CB0030C686 /* BPNBTV.xcdatamodel */ = {isa = PBXFileReference; lastKnownFileType = wrapper.xcdatamodel; path = BPNBTV.xcdatamodel; sourceTree = "<group>"; };
		067ADA091E7D13CB0030C686 /* Assets.xcassets */ = {isa = PBXFileReference; lastKnownFileType = folder.assetcatalog; path = Assets.xcassets; sourceTree = "<group>"; };
		067ADA0C1E7D13CC0030C686 /* Base */ = {isa = PBXFileReference; lastKnownFileType = file.storyboard; name = Base; path = Base.lproj/LaunchScreen.storyboard; sourceTree = "<group>"; };
		067ADA0E1E7D13CC0030C686 /* Info.plist */ = {isa = PBXFileReference; lastKnownFileType = text.plist.xml; path = Info.plist; sourceTree = "<group>"; };
		067ADA131E7D13D60030C686 /* BPNBTVTests.xctest */ = {isa = PBXFileReference; explicitFileType = wrapper.cfbundle; includeInIndex = 0; path = BPNBTVTests.xctest; sourceTree = BUILT_PRODUCTS_DIR; };
		067ADA171E7D13D60030C686 /* BPNBTVTests.swift */ = {isa = PBXFileReference; lastKnownFileType = sourcecode.swift; path = BPNBTVTests.swift; sourceTree = "<group>"; };
		067ADA191E7D13D70030C686 /* Info.plist */ = {isa = PBXFileReference; lastKnownFileType = text.plist.xml; path = Info.plist; sourceTree = "<group>"; };
		067ADA1E1E7D13D70030C686 /* BPNBTVUITests.xctest */ = {isa = PBXFileReference; explicitFileType = wrapper.cfbundle; includeInIndex = 0; path = BPNBTVUITests.xctest; sourceTree = BUILT_PRODUCTS_DIR; };
		067ADA221E7D13D70030C686 /* BPNBTVUITests.swift */ = {isa = PBXFileReference; lastKnownFileType = sourcecode.swift; path = BPNBTVUITests.swift; sourceTree = "<group>"; };
		067ADA241E7D13D70030C686 /* Info.plist */ = {isa = PBXFileReference; lastKnownFileType = text.plist.xml; path = Info.plist; sourceTree = "<group>"; };
		180865D81EE9857200930FB5 /* NewMenuVC.swift */ = {isa = PBXFileReference; fileEncoding = 4; lastKnownFileType = sourcecode.swift; path = NewMenuVC.swift; sourceTree = "<group>"; };
		180865DD1EE9876900930FB5 /* NewMenuVCExtension.swift */ = {isa = PBXFileReference; fileEncoding = 4; lastKnownFileType = sourcecode.swift; path = NewMenuVCExtension.swift; sourceTree = "<group>"; };
		1809E3841F0ACCF400A9DFDD /* KontakViewController.swift */ = {isa = PBXFileReference; fileEncoding = 4; lastKnownFileType = sourcecode.swift; path = KontakViewController.swift; sourceTree = "<group>"; };
		1809E3861F0AD00700A9DFDD /* KontakModel.swift */ = {isa = PBXFileReference; fileEncoding = 4; lastKnownFileType = sourcecode.swift; path = KontakModel.swift; sourceTree = "<group>"; };
		18123F0D1F091DFF00ED411C /* DetailHeader.swift */ = {isa = PBXFileReference; fileEncoding = 4; lastKnownFileType = sourcecode.swift; path = DetailHeader.swift; sourceTree = "<group>"; };
		1813F27A1EF5BA30004B2422 /* HomeViewController.swift */ = {isa = PBXFileReference; fileEncoding = 4; lastKnownFileType = sourcecode.swift; path = HomeViewController.swift; sourceTree = "<group>"; };
		1813F27C1EF5BB36004B2422 /* Content.storyboard */ = {isa = PBXFileReference; fileEncoding = 4; lastKnownFileType = file.storyboard; path = Content.storyboard; sourceTree = "<group>"; };
		1813F27E1EF5BB76004B2422 /* CollectionViewController.swift */ = {isa = PBXFileReference; fileEncoding = 4; lastKnownFileType = sourcecode.swift; path = CollectionViewController.swift; sourceTree = "<group>"; };
		1813F2801EF5BBEB004B2422 /* ProfileViewController.swift */ = {isa = PBXFileReference; fileEncoding = 4; lastKnownFileType = sourcecode.swift; path = ProfileViewController.swift; sourceTree = "<group>"; };
		182046A71E93241B0094D91C /* Serializer.swift */ = {isa = PBXFileReference; fileEncoding = 4; lastKnownFileType = sourcecode.swift; path = Serializer.swift; sourceTree = "<group>"; };
		182707DA1E9D5FA8000530E5 /* CollapsibleTableViewHeader.swift */ = {isa = PBXFileReference; fileEncoding = 4; lastKnownFileType = sourcecode.swift; path = CollapsibleTableViewHeader.swift; sourceTree = "<group>"; };
		183F16A61F038B4900DDED4C /* LeftCellCV.xib */ = {isa = PBXFileReference; fileEncoding = 4; lastKnownFileType = file.xib; path = LeftCellCV.xib; sourceTree = "<group>"; };
		183F16A81F038B5700DDED4C /* RightCellCV.xib */ = {isa = PBXFileReference; fileEncoding = 4; lastKnownFileType = file.xib; path = RightCellCV.xib; sourceTree = "<group>"; };
		183F16AA1F038E7E00DDED4C /* LeftCellCV.swift */ = {isa = PBXFileReference; fileEncoding = 4; lastKnownFileType = sourcecode.swift; path = LeftCellCV.swift; sourceTree = "<group>"; };
		1856E83A1F0E066900E765BD /* SectionCategoryHeader.swift */ = {isa = PBXFileReference; fileEncoding = 4; lastKnownFileType = sourcecode.swift; path = SectionCategoryHeader.swift; sourceTree = "<group>"; };
		185EB87B1E957DEC00D7841F /* ContainerViewController.swift */ = {isa = PBXFileReference; fileEncoding = 4; lastKnownFileType = sourcecode.swift; path = ContainerViewController.swift; sourceTree = "<group>"; };
		185EB87D1E95847E00D7841F /* UIApplication.swift */ = {isa = PBXFileReference; fileEncoding = 4; lastKnownFileType = sourcecode.swift; path = UIApplication.swift; sourceTree = "<group>"; };
		185EB87F1E95871200D7841F /* UIViewController.swift */ = {isa = PBXFileReference; fileEncoding = 4; lastKnownFileType = sourcecode.swift; path = UIViewController.swift; sourceTree = "<group>"; };
		185EB8821E958A7800D7841F /* UIColor.swift */ = {isa = PBXFileReference; fileEncoding = 4; lastKnownFileType = sourcecode.swift; path = UIColor.swift; sourceTree = "<group>"; };
		186116F71EE84B9A0007871D /* NSObject.swift */ = {isa = PBXFileReference; fileEncoding = 4; lastKnownFileType = sourcecode.swift; path = NSObject.swift; sourceTree = "<group>"; };
		186320F51EF6984700ED4ED2 /* ProfileModel.swift */ = {isa = PBXFileReference; fileEncoding = 4; lastKnownFileType = sourcecode.swift; path = ProfileModel.swift; sourceTree = "<group>"; };
		186604CD1E95282B002C2016 /* MenuModel.swift */ = {isa = PBXFileReference; fileEncoding = 4; lastKnownFileType = sourcecode.swift; path = MenuModel.swift; sourceTree = "<group>"; };
		186604D11E9535D7002C2016 /* BRouter.swift */ = {isa = PBXFileReference; fileEncoding = 4; lastKnownFileType = sourcecode.swift; path = BRouter.swift; sourceTree = "<group>"; };
		186604D51E9564E1002C2016 /* VideoModel.swift */ = {isa = PBXFileReference; fileEncoding = 4; lastKnownFileType = sourcecode.swift; path = VideoModel.swift; sourceTree = "<group>"; };
		1896B9D01F1269FB004470A2 /* bnpbtv.png */ = {isa = PBXFileReference; lastKnownFileType = image.png; path = bnpbtv.png; sourceTree = "<group>"; };
		1896B9D21F12815C004470A2 /* GoogleService-Info.plist */ = {isa = PBXFileReference; fileEncoding = 4; lastKnownFileType = text.plist.xml; path = "GoogleService-Info.plist"; sourceTree = "<group>"; };
		189765D31E975CFE00D05B48 /* MenuTVCell.xib */ = {isa = PBXFileReference; fileEncoding = 4; lastKnownFileType = file.xib; path = MenuTVCell.xib; sourceTree = "<group>"; };
		189765D51E975D6900D05B48 /* MenuTVCell.swift */ = {isa = PBXFileReference; fileEncoding = 4; lastKnownFileType = sourcecode.swift; path = MenuTVCell.swift; sourceTree = "<group>"; };
		18CB59D91EF6A8BC00AD6D9D /* BPNBTV-Bridging-Header.h */ = {isa = PBXFileReference; fileEncoding = 4; lastKnownFileType = sourcecode.c.h; path = "BPNBTV-Bridging-Header.h"; sourceTree = "<group>"; };
		18E0683E1F06479600277353 /* RightCellCV.swift */ = {isa = PBXFileReference; fileEncoding = 4; lastKnownFileType = sourcecode.swift; path = RightCellCV.swift; sourceTree = "<group>"; };
		18E068401F07164600277353 /* ColletionFooterIndicator.xib */ = {isa = PBXFileReference; fileEncoding = 4; lastKnownFileType = file.xib; path = ColletionFooterIndicator.xib; sourceTree = "<group>"; };
		18E068421F0716B200277353 /* CollectionFooterIndicator.swift */ = {isa = PBXFileReference; fileEncoding = 4; lastKnownFileType = sourcecode.swift; path = CollectionFooterIndicator.swift; sourceTree = "<group>"; };
		18E068461F077E4900277353 /* DetailContentViewController.swift */ = {isa = PBXFileReference; fileEncoding = 4; lastKnownFileType = sourcecode.swift; path = DetailContentViewController.swift; sourceTree = "<group>"; };
		18F15EE91EF051A900B82694 /* OrderedDict.swift */ = {isa = PBXFileReference; fileEncoding = 4; lastKnownFileType = sourcecode.swift; path = OrderedDict.swift; sourceTree = "<group>"; };
		18F742FD1EEEF5DB00CD6B40 /* MenuSection.swift */ = {isa = PBXFileReference; fileEncoding = 4; lastKnownFileType = sourcecode.swift; path = MenuSection.swift; sourceTree = "<group>"; };
		18F742FF1EEF04FF00CD6B40 /* StringExtension.swift */ = {isa = PBXFileReference; fileEncoding = 4; lastKnownFileType = sourcecode.swift; path = StringExtension.swift; sourceTree = "<group>"; };
		18FB23D81F0BF34A0083071C /* Player.swift */ = {isa = PBXFileReference; fileEncoding = 4; lastKnownFileType = sourcecode.swift; path = Player.swift; sourceTree = "<group>"; };
		18FC04D31EF81E500092A17E /* HeadlineModel.swift */ = {isa = PBXFileReference; fileEncoding = 4; lastKnownFileType = sourcecode.swift; path = HeadlineModel.swift; sourceTree = "<group>"; };
		18FC04D51EF821A50092A17E /* RequestHelper.swift */ = {isa = PBXFileReference; fileEncoding = 4; lastKnownFileType = sourcecode.swift; path = RequestHelper.swift; sourceTree = "<group>"; };
		18FC04D71EF822270092A17E /* AlertHelper.swift */ = {isa = PBXFileReference; fileEncoding = 4; lastKnownFileType = sourcecode.swift; path = AlertHelper.swift; sourceTree = "<group>"; };
		69FDB2967FA54A5165787423 /* Pods-BPNBTVTests.debug.xcconfig */ = {isa = PBXFileReference; includeInIndex = 1; lastKnownFileType = text.xcconfig; name = "Pods-BPNBTVTests.debug.xcconfig"; path = "Pods/Target Support Files/Pods-BPNBTVTests/Pods-BPNBTVTests.debug.xcconfig"; sourceTree = "<group>"; };
		6B7CBB83C5D0561C30D05A27 /* Pods_BPNBTV.framework */ = {isa = PBXFileReference; explicitFileType = wrapper.framework; includeInIndex = 0; path = Pods_BPNBTV.framework; sourceTree = BUILT_PRODUCTS_DIR; };
		8FB4287D56D72B6E150A5566 /* Pods-BPNBTVUITests.release.xcconfig */ = {isa = PBXFileReference; includeInIndex = 1; lastKnownFileType = text.xcconfig; name = "Pods-BPNBTVUITests.release.xcconfig"; path = "Pods/Target Support Files/Pods-BPNBTVUITests/Pods-BPNBTVUITests.release.xcconfig"; sourceTree = "<group>"; };
		9BB5751925274A3B7059ECAB /* Pods-BPNBTV.release.xcconfig */ = {isa = PBXFileReference; includeInIndex = 1; lastKnownFileType = text.xcconfig; name = "Pods-BPNBTV.release.xcconfig"; path = "Pods/Target Support Files/Pods-BPNBTV/Pods-BPNBTV.release.xcconfig"; sourceTree = "<group>"; };
		BA45AA90FD08F107321FF848 /* Pods_BPNBTVTests.framework */ = {isa = PBXFileReference; explicitFileType = wrapper.framework; includeInIndex = 0; path = Pods_BPNBTVTests.framework; sourceTree = BUILT_PRODUCTS_DIR; };
		C67F85601B29257AA22EC884 /* Pods_BPNBTVUITests.framework */ = {isa = PBXFileReference; explicitFileType = wrapper.framework; includeInIndex = 0; path = Pods_BPNBTVUITests.framework; sourceTree = BUILT_PRODUCTS_DIR; };
		DBACB96C7308AF7A470D8264 /* Pods-BPNBTVUITests.debug.xcconfig */ = {isa = PBXFileReference; includeInIndex = 1; lastKnownFileType = text.xcconfig; name = "Pods-BPNBTVUITests.debug.xcconfig"; path = "Pods/Target Support Files/Pods-BPNBTVUITests/Pods-BPNBTVUITests.debug.xcconfig"; sourceTree = "<group>"; };
		E17B026014F3F4B438FFA3AA /* Pods-BPNBTV.debug.xcconfig */ = {isa = PBXFileReference; includeInIndex = 1; lastKnownFileType = text.xcconfig; name = "Pods-BPNBTV.debug.xcconfig"; path = "Pods/Target Support Files/Pods-BPNBTV/Pods-BPNBTV.debug.xcconfig"; sourceTree = "<group>"; };
		F78BC81EE0F9DD31F8AF8C6B /* Pods-BPNBTVTests.release.xcconfig */ = {isa = PBXFileReference; includeInIndex = 1; lastKnownFileType = text.xcconfig; name = "Pods-BPNBTVTests.release.xcconfig"; path = "Pods/Target Support Files/Pods-BPNBTVTests/Pods-BPNBTVTests.release.xcconfig"; sourceTree = "<group>"; };
/* End PBXFileReference section */

/* Begin PBXFrameworksBuildPhase section */
		067AD9F91E7D13C30030C686 /* Frameworks */ = {
			isa = PBXFrameworksBuildPhase;
			buildActionMask = 2147483647;
			files = (
				D86BAB7FB5E1D4FF752CC46F /* Pods_BPNBTV.framework in Frameworks */,
			);
			runOnlyForDeploymentPostprocessing = 0;
		};
		067ADA101E7D13D60030C686 /* Frameworks */ = {
			isa = PBXFrameworksBuildPhase;
			buildActionMask = 2147483647;
			files = (
				F4714396D4937D91A313B89F /* Pods_BPNBTVTests.framework in Frameworks */,
			);
			runOnlyForDeploymentPostprocessing = 0;
		};
		067ADA1B1E7D13D70030C686 /* Frameworks */ = {
			isa = PBXFrameworksBuildPhase;
			buildActionMask = 2147483647;
			files = (
				C33FD525DF27B3541A82C729 /* Pods_BPNBTVUITests.framework in Frameworks */,
			);
			runOnlyForDeploymentPostprocessing = 0;
		};
/* End PBXFrameworksBuildPhase section */

/* Begin PBXGroup section */
		062AA3B51E90B6EE00B26F44 /* utils */ = {
			isa = PBXGroup;
			children = (
				18FB23D81F0BF34A0083071C /* Player.swift */,
				062AA3B31E90B4A400B26F44 /* Constants.swift */,
				182046A71E93241B0094D91C /* Serializer.swift */,
				18F15EE91EF051A900B82694 /* OrderedDict.swift */,
				18FC04D51EF821A50092A17E /* RequestHelper.swift */,
				18FC04D71EF822270092A17E /* AlertHelper.swift */,
			);
			name = utils;
			sourceTree = "<group>";
		};
		062AA3B61E90B6FE00B26F44 /* network */ = {
			isa = PBXGroup;
			children = (
				186604D11E9535D7002C2016 /* BRouter.swift */,
			);
			name = network;
			sourceTree = "<group>";
		};
		062AA3B71E90B71000B26F44 /* view */ = {
			isa = PBXGroup;
			children = (
				189765D51E975D6900D05B48 /* MenuTVCell.swift */,
				182707DA1E9D5FA8000530E5 /* CollapsibleTableViewHeader.swift */,
				183F16A61F038B4900DDED4C /* LeftCellCV.xib */,
				183F16A81F038B5700DDED4C /* RightCellCV.xib */,
				183F16AA1F038E7E00DDED4C /* LeftCellCV.swift */,
				18E0683E1F06479600277353 /* RightCellCV.swift */,
				18E068401F07164600277353 /* ColletionFooterIndicator.xib */,
				18E068421F0716B200277353 /* CollectionFooterIndicator.swift */,
				18123F0D1F091DFF00ED411C /* DetailHeader.swift */,
				1856E83A1F0E066900E765BD /* SectionCategoryHeader.swift */,
			);
			name = view;
			sourceTree = "<group>";
		};
		062AA3B81E90B71600B26F44 /* model */ = {
			isa = PBXGroup;
			children = (
				186604CD1E95282B002C2016 /* MenuModel.swift */,
				186604D51E9564E1002C2016 /* VideoModel.swift */,
				18F742FD1EEEF5DB00CD6B40 /* MenuSection.swift */,
				186320F51EF6984700ED4ED2 /* ProfileModel.swift */,
				18FC04D31EF81E500092A17E /* HeadlineModel.swift */,
				1809E3861F0AD00700A9DFDD /* KontakModel.swift */,
			);
			name = model;
			sourceTree = "<group>";
		};
		062AA3B91E90B73100B26F44 /* controller */ = {
			isa = PBXGroup;
			children = (
				1813F2791EF5BA14004B2422 /* content */,
				185EB87B1E957DEC00D7841F /* ContainerViewController.swift */,
				1843A9061EE999B60040AB3F /* garb */,
				180865DA1EE9857F00930FB5 /* Menu */,
			);
			name = controller;
			sourceTree = "<group>";
		};
		062AA3BA1E90B75100B26F44 /* storyboard */ = {
			isa = PBXGroup;
			children = (
				067ADA0B1E7D13CC0030C686 /* LaunchScreen.storyboard */,
				067ADA031E7D13CA0030C686 /* Main.storyboard */,
				189765D31E975CFE00D05B48 /* MenuTVCell.xib */,
			);
			name = storyboard;
			sourceTree = "<group>";
		};
		062AA3BB1E90B75A00B26F44 /* app */ = {
			isa = PBXGroup;
			children = (
				067AD9FF1E7D13C90030C686 /* AppDelegate.swift */,
			);
			name = app;
			sourceTree = "<group>";
		};
		067AD9F31E7D13C30030C686 = {
			isa = PBXGroup;
			children = (
				067AD9FE1E7D13C90030C686 /* BPNBTV */,
				067ADA161E7D13D60030C686 /* BPNBTVTests */,
				067ADA211E7D13D70030C686 /* BPNBTVUITests */,
				067AD9FD1E7D13C90030C686 /* Products */,
				D010147B6A7D4D6FCA668545 /* Pods */,
				58468DA25046A25A111A9C83 /* Frameworks */,
			);
			sourceTree = "<group>";
		};
		067AD9FD1E7D13C90030C686 /* Products */ = {
			isa = PBXGroup;
			children = (
				067AD9FC1E7D13C90030C686 /* BPNBTV.app */,
				067ADA131E7D13D60030C686 /* BPNBTVTests.xctest */,
				067ADA1E1E7D13D70030C686 /* BPNBTVUITests.xctest */,
			);
			name = Products;
			sourceTree = "<group>";
		};
		067AD9FE1E7D13C90030C686 /* BPNBTV */ = {
			isa = PBXGroup;
			children = (
				1896B9D41F128163004470A2 /* plist */,
				1896B9CF1F1269E5004470A2 /* images */,
				185EB8811E958A6400D7841F /* ext */,
				062AA3BB1E90B75A00B26F44 /* app */,
				067ADA091E7D13CB0030C686 /* Assets.xcassets */,
				067ADA061E7D13CB0030C686 /* BPNBTV.xcdatamodeld */,
				062AA3B91E90B73100B26F44 /* controller */,
				062AA3BA1E90B75100B26F44 /* storyboard */,
				062AA3B81E90B71600B26F44 /* model */,
				062AA3B61E90B6FE00B26F44 /* network */,
				062AA3B51E90B6EE00B26F44 /* utils */,
				062AA3B71E90B71000B26F44 /* view */,
			);
			path = BPNBTV;
			sourceTree = "<group>";
		};
		067ADA161E7D13D60030C686 /* BPNBTVTests */ = {
			isa = PBXGroup;
			children = (
				067ADA171E7D13D60030C686 /* BPNBTVTests.swift */,
				067ADA191E7D13D70030C686 /* Info.plist */,
			);
			path = BPNBTVTests;
			sourceTree = "<group>";
		};
		067ADA211E7D13D70030C686 /* BPNBTVUITests */ = {
			isa = PBXGroup;
			children = (
				067ADA221E7D13D70030C686 /* BPNBTVUITests.swift */,
				067ADA241E7D13D70030C686 /* Info.plist */,
			);
			path = BPNBTVUITests;
			sourceTree = "<group>";
		};
		180865DA1EE9857F00930FB5 /* Menu */ = {
			isa = PBXGroup;
			children = (
				180865D81EE9857200930FB5 /* NewMenuVC.swift */,
				180865DD1EE9876900930FB5 /* NewMenuVCExtension.swift */,
			);
			name = Menu;
			sourceTree = "<group>";
		};
		1813F2791EF5BA14004B2422 /* content */ = {
			isa = PBXGroup;
			children = (
				1813F27A1EF5BA30004B2422 /* HomeViewController.swift */,
				1813F27C1EF5BB36004B2422 /* Content.storyboard */,
				1813F27E1EF5BB76004B2422 /* CollectionViewController.swift */,
				1813F2801EF5BBEB004B2422 /* ProfileViewController.swift */,
				18E068461F077E4900277353 /* DetailContentViewController.swift */,
				1809E3841F0ACCF400A9DFDD /* KontakViewController.swift */,
			);
			name = content;
			sourceTree = "<group>";
		};
		1843A9061EE999B60040AB3F /* garb */ = {
			isa = PBXGroup;
			children = (
			);
			name = garb;
			sourceTree = "<group>";
		};
		185EB8811E958A6400D7841F /* ext */ = {
			isa = PBXGroup;
			children = (
				185EB87D1E95847E00D7841F /* UIApplication.swift */,
				185EB87F1E95871200D7841F /* UIViewController.swift */,
				18CB59D91EF6A8BC00AD6D9D /* BPNBTV-Bridging-Header.h */,
				185EB8821E958A7800D7841F /* UIColor.swift */,
				186116F71EE84B9A0007871D /* NSObject.swift */,
				18F742FF1EEF04FF00CD6B40 /* StringExtension.swift */,
			);
			name = ext;
			sourceTree = "<group>";
		};
		1896B9CF1F1269E5004470A2 /* images */ = {
			isa = PBXGroup;
			children = (
				1896B9D01F1269FB004470A2 /* bnpbtv.png */,
			);
			name = images;
			sourceTree = "<group>";
		};
		1896B9D41F128163004470A2 /* plist */ = {
			isa = PBXGroup;
			children = (
				1896B9D21F12815C004470A2 /* GoogleService-Info.plist */,
				067ADA0E1E7D13CC0030C686 /* Info.plist */,
			);
			name = plist;
			sourceTree = "<group>";
		};
		58468DA25046A25A111A9C83 /* Frameworks */ = {
			isa = PBXGroup;
			children = (
				6B7CBB83C5D0561C30D05A27 /* Pods_BPNBTV.framework */,
				BA45AA90FD08F107321FF848 /* Pods_BPNBTVTests.framework */,
				C67F85601B29257AA22EC884 /* Pods_BPNBTVUITests.framework */,
			);
			name = Frameworks;
			sourceTree = "<group>";
		};
		D010147B6A7D4D6FCA668545 /* Pods */ = {
			isa = PBXGroup;
			children = (
				E17B026014F3F4B438FFA3AA /* Pods-BPNBTV.debug.xcconfig */,
				9BB5751925274A3B7059ECAB /* Pods-BPNBTV.release.xcconfig */,
				69FDB2967FA54A5165787423 /* Pods-BPNBTVTests.debug.xcconfig */,
				F78BC81EE0F9DD31F8AF8C6B /* Pods-BPNBTVTests.release.xcconfig */,
				DBACB96C7308AF7A470D8264 /* Pods-BPNBTVUITests.debug.xcconfig */,
				8FB4287D56D72B6E150A5566 /* Pods-BPNBTVUITests.release.xcconfig */,
			);
			name = Pods;
			sourceTree = "<group>";
		};
/* End PBXGroup section */

/* Begin PBXNativeTarget section */
		067AD9FB1E7D13C30030C686 /* BPNBTV */ = {
			isa = PBXNativeTarget;
			buildConfigurationList = 067ADA271E7D13D70030C686 /* Build configuration list for PBXNativeTarget "BPNBTV" */;
			buildPhases = (
				D993D18795BE3A5790E698A2 /* [CP] Check Pods Manifest.lock */,
				067AD9F81E7D13C30030C686 /* Sources */,
				067AD9F91E7D13C30030C686 /* Frameworks */,
				067AD9FA1E7D13C30030C686 /* Resources */,
				BBCEEACF4881B6FC59CC57F1 /* [CP] Embed Pods Frameworks */,
				62AF1DC633174B41AAC50377 /* [CP] Copy Pods Resources */,
			);
			buildRules = (
			);
			dependencies = (
			);
			name = BPNBTV;
			productName = BPNBTV;
			productReference = 067AD9FC1E7D13C90030C686 /* BPNBTV.app */;
			productType = "com.apple.product-type.application";
		};
		067ADA121E7D13D60030C686 /* BPNBTVTests */ = {
			isa = PBXNativeTarget;
			buildConfigurationList = 067ADA2A1E7D13D70030C686 /* Build configuration list for PBXNativeTarget "BPNBTVTests" */;
			buildPhases = (
				58310A9A121950BC223E9F8D /* [CP] Check Pods Manifest.lock */,
				067ADA0F1E7D13D60030C686 /* Sources */,
				067ADA101E7D13D60030C686 /* Frameworks */,
				067ADA111E7D13D60030C686 /* Resources */,
				187B7DFD211313E62E94253F /* [CP] Embed Pods Frameworks */,
				545DB1E95A4A7AD9DCE39257 /* [CP] Copy Pods Resources */,
			);
			buildRules = (
			);
			dependencies = (
				067ADA151E7D13D60030C686 /* PBXTargetDependency */,
			);
			name = BPNBTVTests;
			productName = BPNBTVTests;
			productReference = 067ADA131E7D13D60030C686 /* BPNBTVTests.xctest */;
			productType = "com.apple.product-type.bundle.unit-test";
		};
		067ADA1D1E7D13D70030C686 /* BPNBTVUITests */ = {
			isa = PBXNativeTarget;
			buildConfigurationList = 067ADA2D1E7D13D70030C686 /* Build configuration list for PBXNativeTarget "BPNBTVUITests" */;
			buildPhases = (
				5BC9D6B562B158008B1EB0E4 /* [CP] Check Pods Manifest.lock */,
				067ADA1A1E7D13D70030C686 /* Sources */,
				067ADA1B1E7D13D70030C686 /* Frameworks */,
				067ADA1C1E7D13D70030C686 /* Resources */,
				95E661D76EAD37BA0C5AE14D /* [CP] Embed Pods Frameworks */,
				DB122CF5B0A08F8AE451C004 /* [CP] Copy Pods Resources */,
			);
			buildRules = (
			);
			dependencies = (
				067ADA201E7D13D70030C686 /* PBXTargetDependency */,
			);
			name = BPNBTVUITests;
			productName = BPNBTVUITests;
			productReference = 067ADA1E1E7D13D70030C686 /* BPNBTVUITests.xctest */;
			productType = "com.apple.product-type.bundle.ui-testing";
		};
/* End PBXNativeTarget section */

/* Begin PBXProject section */
		067AD9F41E7D13C30030C686 /* Project object */ = {
			isa = PBXProject;
			attributes = {
				LastSwiftUpdateCheck = 0820;
				LastUpgradeCheck = 0820;
				ORGANIZATIONNAME = Radith;
				TargetAttributes = {
					067AD9FB1E7D13C30030C686 = {
						CreatedOnToolsVersion = 8.2;
						DevelopmentTeam = 742KJK328B;
						ProvisioningStyle = Automatic;
					};
					067ADA121E7D13D60030C686 = {
						CreatedOnToolsVersion = 8.2;
						DevelopmentTeam = 8EA6NVQH36;
						ProvisioningStyle = Automatic;
						TestTargetID = 067AD9FB1E7D13C30030C686;
					};
					067ADA1D1E7D13D70030C686 = {
						CreatedOnToolsVersion = 8.2;
						DevelopmentTeam = 63M7Z7Q4QJ;
						ProvisioningStyle = Automatic;
						TestTargetID = 067AD9FB1E7D13C30030C686;
					};
				};
			};
			buildConfigurationList = 067AD9F71E7D13C30030C686 /* Build configuration list for PBXProject "BPNBTV" */;
			compatibilityVersion = "Xcode 3.2";
			developmentRegion = English;
			hasScannedForEncodings = 0;
			knownRegions = (
				en,
				Base,
			);
			mainGroup = 067AD9F31E7D13C30030C686;
			productRefGroup = 067AD9FD1E7D13C90030C686 /* Products */;
			projectDirPath = "";
			projectRoot = "";
			targets = (
				067AD9FB1E7D13C30030C686 /* BPNBTV */,
				067ADA121E7D13D60030C686 /* BPNBTVTests */,
				067ADA1D1E7D13D70030C686 /* BPNBTVUITests */,
			);
		};
/* End PBXProject section */

/* Begin PBXResourcesBuildPhase section */
		067AD9FA1E7D13C30030C686 /* Resources */ = {
			isa = PBXResourcesBuildPhase;
			buildActionMask = 2147483647;
			files = (
				067ADA0D1E7D13CC0030C686 /* LaunchScreen.storyboard in Resources */,
				183F16A71F038B4900DDED4C /* LeftCellCV.xib in Resources */,
				18E068411F07164600277353 /* ColletionFooterIndicator.xib in Resources */,
				183F16A91F038B5700DDED4C /* RightCellCV.xib in Resources */,
				067ADA0A1E7D13CB0030C686 /* Assets.xcassets in Resources */,
				1896B9D11F1269FB004470A2 /* bnpbtv.png in Resources */,
				189765D41E975CFE00D05B48 /* MenuTVCell.xib in Resources */,
				1896B9D31F12815C004470A2 /* GoogleService-Info.plist in Resources */,
				067ADA051E7D13CA0030C686 /* Main.storyboard in Resources */,
				1813F27D1EF5BB36004B2422 /* Content.storyboard in Resources */,
			);
			runOnlyForDeploymentPostprocessing = 0;
		};
		067ADA111E7D13D60030C686 /* Resources */ = {
			isa = PBXResourcesBuildPhase;
			buildActionMask = 2147483647;
			files = (
			);
			runOnlyForDeploymentPostprocessing = 0;
		};
		067ADA1C1E7D13D70030C686 /* Resources */ = {
			isa = PBXResourcesBuildPhase;
			buildActionMask = 2147483647;
			files = (
			);
			runOnlyForDeploymentPostprocessing = 0;
		};
/* End PBXResourcesBuildPhase section */

/* Begin PBXShellScriptBuildPhase section */
		187B7DFD211313E62E94253F /* [CP] Embed Pods Frameworks */ = {
			isa = PBXShellScriptBuildPhase;
			buildActionMask = 2147483647;
			files = (
			);
			inputPaths = (
			);
			name = "[CP] Embed Pods Frameworks";
			outputPaths = (
			);
			runOnlyForDeploymentPostprocessing = 0;
			shellPath = /bin/sh;
			shellScript = "\"${SRCROOT}/Pods/Target Support Files/Pods-BPNBTVTests/Pods-BPNBTVTests-frameworks.sh\"\n";
			showEnvVarsInLog = 0;
		};
		545DB1E95A4A7AD9DCE39257 /* [CP] Copy Pods Resources */ = {
			isa = PBXShellScriptBuildPhase;
			buildActionMask = 2147483647;
			files = (
			);
			inputPaths = (
			);
			name = "[CP] Copy Pods Resources";
			outputPaths = (
			);
			runOnlyForDeploymentPostprocessing = 0;
			shellPath = /bin/sh;
			shellScript = "\"${SRCROOT}/Pods/Target Support Files/Pods-BPNBTVTests/Pods-BPNBTVTests-resources.sh\"\n";
			showEnvVarsInLog = 0;
		};
		58310A9A121950BC223E9F8D /* [CP] Check Pods Manifest.lock */ = {
			isa = PBXShellScriptBuildPhase;
			buildActionMask = 2147483647;
			files = (
			);
			inputPaths = (
			);
			name = "[CP] Check Pods Manifest.lock";
			outputPaths = (
			);
			runOnlyForDeploymentPostprocessing = 0;
			shellPath = /bin/sh;
			shellScript = "diff \"${PODS_ROOT}/../Podfile.lock\" \"${PODS_ROOT}/Manifest.lock\" > /dev/null\nif [ $? != 0 ] ; then\n    # print error to STDERR\n    echo \"error: The sandbox is not in sync with the Podfile.lock. Run 'pod install' or update your CocoaPods installation.\" >&2\n    exit 1\nfi\n";
			showEnvVarsInLog = 0;
		};
		5BC9D6B562B158008B1EB0E4 /* [CP] Check Pods Manifest.lock */ = {
			isa = PBXShellScriptBuildPhase;
			buildActionMask = 2147483647;
			files = (
			);
			inputPaths = (
			);
			name = "[CP] Check Pods Manifest.lock";
			outputPaths = (
			);
			runOnlyForDeploymentPostprocessing = 0;
			shellPath = /bin/sh;
			shellScript = "diff \"${PODS_ROOT}/../Podfile.lock\" \"${PODS_ROOT}/Manifest.lock\" > /dev/null\nif [ $? != 0 ] ; then\n    # print error to STDERR\n    echo \"error: The sandbox is not in sync with the Podfile.lock. Run 'pod install' or update your CocoaPods installation.\" >&2\n    exit 1\nfi\n";
			showEnvVarsInLog = 0;
		};
		62AF1DC633174B41AAC50377 /* [CP] Copy Pods Resources */ = {
			isa = PBXShellScriptBuildPhase;
			buildActionMask = 2147483647;
			files = (
			);
			inputPaths = (
			);
			name = "[CP] Copy Pods Resources";
			outputPaths = (
			);
			runOnlyForDeploymentPostprocessing = 0;
			shellPath = /bin/sh;
			shellScript = "\"${SRCROOT}/Pods/Target Support Files/Pods-BPNBTV/Pods-BPNBTV-resources.sh\"\n";
			showEnvVarsInLog = 0;
		};
		95E661D76EAD37BA0C5AE14D /* [CP] Embed Pods Frameworks */ = {
			isa = PBXShellScriptBuildPhase;
			buildActionMask = 2147483647;
			files = (
			);
			inputPaths = (
			);
			name = "[CP] Embed Pods Frameworks";
			outputPaths = (
			);
			runOnlyForDeploymentPostprocessing = 0;
			shellPath = /bin/sh;
			shellScript = "\"${SRCROOT}/Pods/Target Support Files/Pods-BPNBTVUITests/Pods-BPNBTVUITests-frameworks.sh\"\n";
			showEnvVarsInLog = 0;
		};
		BBCEEACF4881B6FC59CC57F1 /* [CP] Embed Pods Frameworks */ = {
			isa = PBXShellScriptBuildPhase;
			buildActionMask = 2147483647;
			files = (
			);
			inputPaths = (
			);
			name = "[CP] Embed Pods Frameworks";
			outputPaths = (
			);
			runOnlyForDeploymentPostprocessing = 0;
			shellPath = /bin/sh;
			shellScript = "\"${SRCROOT}/Pods/Target Support Files/Pods-BPNBTV/Pods-BPNBTV-frameworks.sh\"\n";
			showEnvVarsInLog = 0;
		};
		D993D18795BE3A5790E698A2 /* [CP] Check Pods Manifest.lock */ = {
			isa = PBXShellScriptBuildPhase;
			buildActionMask = 2147483647;
			files = (
			);
			inputPaths = (
			);
			name = "[CP] Check Pods Manifest.lock";
			outputPaths = (
			);
			runOnlyForDeploymentPostprocessing = 0;
			shellPath = /bin/sh;
			shellScript = "diff \"${PODS_ROOT}/../Podfile.lock\" \"${PODS_ROOT}/Manifest.lock\" > /dev/null\nif [ $? != 0 ] ; then\n    # print error to STDERR\n    echo \"error: The sandbox is not in sync with the Podfile.lock. Run 'pod install' or update your CocoaPods installation.\" >&2\n    exit 1\nfi\n";
			showEnvVarsInLog = 0;
		};
		DB122CF5B0A08F8AE451C004 /* [CP] Copy Pods Resources */ = {
			isa = PBXShellScriptBuildPhase;
			buildActionMask = 2147483647;
			files = (
			);
			inputPaths = (
			);
			name = "[CP] Copy Pods Resources";
			outputPaths = (
			);
			runOnlyForDeploymentPostprocessing = 0;
			shellPath = /bin/sh;
			shellScript = "\"${SRCROOT}/Pods/Target Support Files/Pods-BPNBTVUITests/Pods-BPNBTVUITests-resources.sh\"\n";
			showEnvVarsInLog = 0;
		};
/* End PBXShellScriptBuildPhase section */

/* Begin PBXSourcesBuildPhase section */
		067AD9F81E7D13C30030C686 /* Sources */ = {
			isa = PBXSourcesBuildPhase;
			buildActionMask = 2147483647;
			files = (
				18FC04D81EF822270092A17E /* AlertHelper.swift in Sources */,
				186116F81EE84B9A0007871D /* NSObject.swift in Sources */,
				186604D21E9535D7002C2016 /* BRouter.swift in Sources */,
				18E0683F1F06479600277353 /* RightCellCV.swift in Sources */,
				1856E83B1F0E066900E765BD /* SectionCategoryHeader.swift in Sources */,
				185EB8801E95871200D7841F /* UIViewController.swift in Sources */,
				1809E3871F0AD00700A9DFDD /* KontakModel.swift in Sources */,
				18E068471F077E4900277353 /* DetailContentViewController.swift in Sources */,
				18E068431F0716B200277353 /* CollectionFooterIndicator.swift in Sources */,
				180865D91EE9857200930FB5 /* NewMenuVC.swift in Sources */,
				185EB87C1E957DEC00D7841F /* ContainerViewController.swift in Sources */,
				18F15EEA1EF051A900B82694 /* OrderedDict.swift in Sources */,
				1813F2811EF5BBEB004B2422 /* ProfileViewController.swift in Sources */,
				185EB87E1E95847E00D7841F /* UIApplication.swift in Sources */,
				067ADA001E7D13C90030C686 /* AppDelegate.swift in Sources */,
				186604CE1E95282B002C2016 /* MenuModel.swift in Sources */,
				18FC04D61EF821A50092A17E /* RequestHelper.swift in Sources */,
				183F16AB1F038E7E00DDED4C /* LeftCellCV.swift in Sources */,
				186604D61E9564E1002C2016 /* VideoModel.swift in Sources */,
				189765D61E975D6900D05B48 /* MenuTVCell.swift in Sources */,
				067ADA081E7D13CB0030C686 /* BPNBTV.xcdatamodeld in Sources */,
				18F743001EEF04FF00CD6B40 /* StringExtension.swift in Sources */,
				180865DE1EE9876900930FB5 /* NewMenuVCExtension.swift in Sources */,
				18123F0E1F091DFF00ED411C /* DetailHeader.swift in Sources */,
				182707DB1E9D5FA8000530E5 /* CollapsibleTableViewHeader.swift in Sources */,
				1813F27B1EF5BA30004B2422 /* HomeViewController.swift in Sources */,
				18FC04D41EF81E500092A17E /* HeadlineModel.swift in Sources */,
				185EB8831E958A7800D7841F /* UIColor.swift in Sources */,
				062AA3B41E90B4A400B26F44 /* Constants.swift in Sources */,
				186320F61EF6984700ED4ED2 /* ProfileModel.swift in Sources */,
				1809E3851F0ACCF400A9DFDD /* KontakViewController.swift in Sources */,
				1813F27F1EF5BB76004B2422 /* CollectionViewController.swift in Sources */,
				18F742FE1EEEF5DB00CD6B40 /* MenuSection.swift in Sources */,
				18FB23D91F0BF34A0083071C /* Player.swift in Sources */,
				182046A81E93241B0094D91C /* Serializer.swift in Sources */,
			);
			runOnlyForDeploymentPostprocessing = 0;
		};
		067ADA0F1E7D13D60030C686 /* Sources */ = {
			isa = PBXSourcesBuildPhase;
			buildActionMask = 2147483647;
			files = (
				067ADA181E7D13D60030C686 /* BPNBTVTests.swift in Sources */,
			);
			runOnlyForDeploymentPostprocessing = 0;
		};
		067ADA1A1E7D13D70030C686 /* Sources */ = {
			isa = PBXSourcesBuildPhase;
			buildActionMask = 2147483647;
			files = (
				067ADA231E7D13D70030C686 /* BPNBTVUITests.swift in Sources */,
			);
			runOnlyForDeploymentPostprocessing = 0;
		};
/* End PBXSourcesBuildPhase section */

/* Begin PBXTargetDependency section */
		067ADA151E7D13D60030C686 /* PBXTargetDependency */ = {
			isa = PBXTargetDependency;
			target = 067AD9FB1E7D13C30030C686 /* BPNBTV */;
			targetProxy = 067ADA141E7D13D60030C686 /* PBXContainerItemProxy */;
		};
		067ADA201E7D13D70030C686 /* PBXTargetDependency */ = {
			isa = PBXTargetDependency;
			target = 067AD9FB1E7D13C30030C686 /* BPNBTV */;
			targetProxy = 067ADA1F1E7D13D70030C686 /* PBXContainerItemProxy */;
		};
/* End PBXTargetDependency section */

/* Begin PBXVariantGroup section */
		067ADA031E7D13CA0030C686 /* Main.storyboard */ = {
			isa = PBXVariantGroup;
			children = (
				067ADA041E7D13CA0030C686 /* Base */,
			);
			name = Main.storyboard;
			sourceTree = "<group>";
		};
		067ADA0B1E7D13CC0030C686 /* LaunchScreen.storyboard */ = {
			isa = PBXVariantGroup;
			children = (
				067ADA0C1E7D13CC0030C686 /* Base */,
			);
			name = LaunchScreen.storyboard;
			sourceTree = "<group>";
		};
/* End PBXVariantGroup section */

/* Begin XCBuildConfiguration section */
		067ADA251E7D13D70030C686 /* Debug */ = {
			isa = XCBuildConfiguration;
			buildSettings = {
				ALWAYS_SEARCH_USER_PATHS = NO;
				CLANG_ANALYZER_NONNULL = YES;
				CLANG_CXX_LANGUAGE_STANDARD = "gnu++0x";
				CLANG_CXX_LIBRARY = "libc++";
				CLANG_ENABLE_MODULES = YES;
				CLANG_ENABLE_OBJC_ARC = YES;
				CLANG_WARN_BOOL_CONVERSION = YES;
				CLANG_WARN_CONSTANT_CONVERSION = YES;
				CLANG_WARN_DIRECT_OBJC_ISA_USAGE = YES_ERROR;
				CLANG_WARN_DOCUMENTATION_COMMENTS = YES;
				CLANG_WARN_EMPTY_BODY = YES;
				CLANG_WARN_ENUM_CONVERSION = YES;
				CLANG_WARN_INFINITE_RECURSION = YES;
				CLANG_WARN_INT_CONVERSION = YES;
				CLANG_WARN_OBJC_ROOT_CLASS = YES_ERROR;
				CLANG_WARN_SUSPICIOUS_MOVE = YES;
				CLANG_WARN_UNREACHABLE_CODE = YES;
				CLANG_WARN__DUPLICATE_METHOD_MATCH = YES;
				"CODE_SIGN_IDENTITY[sdk=iphoneos*]" = "iPhone Developer";
				COPY_PHASE_STRIP = NO;
				DEBUG_INFORMATION_FORMAT = dwarf;
				ENABLE_STRICT_OBJC_MSGSEND = YES;
				ENABLE_TESTABILITY = YES;
				GCC_C_LANGUAGE_STANDARD = gnu99;
				GCC_DYNAMIC_NO_PIC = NO;
				GCC_NO_COMMON_BLOCKS = YES;
				GCC_OPTIMIZATION_LEVEL = 0;
				GCC_PREPROCESSOR_DEFINITIONS = (
					"DEBUG=1",
					"$(inherited)",
				);
				GCC_WARN_64_TO_32_BIT_CONVERSION = YES;
				GCC_WARN_ABOUT_RETURN_TYPE = YES_ERROR;
				GCC_WARN_UNDECLARED_SELECTOR = YES;
				GCC_WARN_UNINITIALIZED_AUTOS = YES_AGGRESSIVE;
				GCC_WARN_UNUSED_FUNCTION = YES;
				GCC_WARN_UNUSED_VARIABLE = YES;
				IPHONEOS_DEPLOYMENT_TARGET = 10.2;
				MTL_ENABLE_DEBUG_INFO = YES;
				ONLY_ACTIVE_ARCH = YES;
				SDKROOT = iphoneos;
				SWIFT_ACTIVE_COMPILATION_CONDITIONS = DEBUG;
				SWIFT_OPTIMIZATION_LEVEL = "-Onone";
			};
			name = Debug;
		};
		067ADA261E7D13D70030C686 /* Release */ = {
			isa = XCBuildConfiguration;
			buildSettings = {
				ALWAYS_SEARCH_USER_PATHS = NO;
				CLANG_ANALYZER_NONNULL = YES;
				CLANG_CXX_LANGUAGE_STANDARD = "gnu++0x";
				CLANG_CXX_LIBRARY = "libc++";
				CLANG_ENABLE_MODULES = YES;
				CLANG_ENABLE_OBJC_ARC = YES;
				CLANG_WARN_BOOL_CONVERSION = YES;
				CLANG_WARN_CONSTANT_CONVERSION = YES;
				CLANG_WARN_DIRECT_OBJC_ISA_USAGE = YES_ERROR;
				CLANG_WARN_DOCUMENTATION_COMMENTS = YES;
				CLANG_WARN_EMPTY_BODY = YES;
				CLANG_WARN_ENUM_CONVERSION = YES;
				CLANG_WARN_INFINITE_RECURSION = YES;
				CLANG_WARN_INT_CONVERSION = YES;
				CLANG_WARN_OBJC_ROOT_CLASS = YES_ERROR;
				CLANG_WARN_SUSPICIOUS_MOVE = YES;
				CLANG_WARN_UNREACHABLE_CODE = YES;
				CLANG_WARN__DUPLICATE_METHOD_MATCH = YES;
				"CODE_SIGN_IDENTITY[sdk=iphoneos*]" = "iPhone Developer";
				COPY_PHASE_STRIP = NO;
				DEBUG_INFORMATION_FORMAT = "dwarf-with-dsym";
				ENABLE_NS_ASSERTIONS = NO;
				ENABLE_STRICT_OBJC_MSGSEND = YES;
				GCC_C_LANGUAGE_STANDARD = gnu99;
				GCC_NO_COMMON_BLOCKS = YES;
				GCC_WARN_64_TO_32_BIT_CONVERSION = YES;
				GCC_WARN_ABOUT_RETURN_TYPE = YES_ERROR;
				GCC_WARN_UNDECLARED_SELECTOR = YES;
				GCC_WARN_UNINITIALIZED_AUTOS = YES_AGGRESSIVE;
				GCC_WARN_UNUSED_FUNCTION = YES;
				GCC_WARN_UNUSED_VARIABLE = YES;
				IPHONEOS_DEPLOYMENT_TARGET = 10.2;
				MTL_ENABLE_DEBUG_INFO = NO;
				SDKROOT = iphoneos;
				SWIFT_OPTIMIZATION_LEVEL = "-Owholemodule";
				VALIDATE_PRODUCT = YES;
			};
			name = Release;
		};
		067ADA281E7D13D70030C686 /* Debug */ = {
			isa = XCBuildConfiguration;
			baseConfigurationReference = E17B026014F3F4B438FFA3AA /* Pods-BPNBTV.debug.xcconfig */;
			buildSettings = {
				ASSETCATALOG_COMPILER_APPICON_NAME = AppIcon;
				DEVELOPMENT_TEAM = 742KJK328B;
				INFOPLIST_FILE = BPNBTV/Info.plist;
				IPHONEOS_DEPLOYMENT_TARGET = 9.3;
				LD_RUNPATH_SEARCH_PATHS = "$(inherited) @executable_path/Frameworks";
				PRODUCT_BUNDLE_IDENTIFIER = kompas.BPNBTV;
				PRODUCT_NAME = "$(TARGET_NAME)";
				SWIFT_VERSION = 3.0;
			};
			name = Debug;
		};
		067ADA291E7D13D70030C686 /* Release */ = {
			isa = XCBuildConfiguration;
			baseConfigurationReference = 9BB5751925274A3B7059ECAB /* Pods-BPNBTV.release.xcconfig */;
			buildSettings = {
				ASSETCATALOG_COMPILER_APPICON_NAME = AppIcon;
				DEVELOPMENT_TEAM = 742KJK328B;
				INFOPLIST_FILE = BPNBTV/Info.plist;
				IPHONEOS_DEPLOYMENT_TARGET = 9.3;
				LD_RUNPATH_SEARCH_PATHS = "$(inherited) @executable_path/Frameworks";
				PRODUCT_BUNDLE_IDENTIFIER = kompas.BPNBTV;
				PRODUCT_NAME = "$(TARGET_NAME)";
				SWIFT_VERSION = 3.0;
			};
			name = Release;
		};
		067ADA2B1E7D13D70030C686 /* Debug */ = {
			isa = XCBuildConfiguration;
			baseConfigurationReference = 69FDB2967FA54A5165787423 /* Pods-BPNBTVTests.debug.xcconfig */;
			buildSettings = {
				ALWAYS_EMBED_SWIFT_STANDARD_LIBRARIES = YES;
				BUNDLE_LOADER = "$(TEST_HOST)";
				DEVELOPMENT_TEAM = 8EA6NVQH36;
				INFOPLIST_FILE = BPNBTVTests/Info.plist;
				LD_RUNPATH_SEARCH_PATHS = "$(inherited) @executable_path/Frameworks @loader_path/Frameworks";
				PRODUCT_BUNDLE_IDENTIFIER = kompas.BPNBTVTests;
				PRODUCT_NAME = "$(TARGET_NAME)";
				SWIFT_VERSION = 3.0;
				TEST_HOST = "$(BUILT_PRODUCTS_DIR)/BPNBTV.app/BPNBTV";
			};
			name = Debug;
		};
		067ADA2C1E7D13D70030C686 /* Release */ = {
			isa = XCBuildConfiguration;
			baseConfigurationReference = F78BC81EE0F9DD31F8AF8C6B /* Pods-BPNBTVTests.release.xcconfig */;
			buildSettings = {
				ALWAYS_EMBED_SWIFT_STANDARD_LIBRARIES = YES;
				BUNDLE_LOADER = "$(TEST_HOST)";
				DEVELOPMENT_TEAM = 8EA6NVQH36;
				INFOPLIST_FILE = BPNBTVTests/Info.plist;
				LD_RUNPATH_SEARCH_PATHS = "$(inherited) @executable_path/Frameworks @loader_path/Frameworks";
				PRODUCT_BUNDLE_IDENTIFIER = kompas.BPNBTVTests;
				PRODUCT_NAME = "$(TARGET_NAME)";
				SWIFT_VERSION = 3.0;
				TEST_HOST = "$(BUILT_PRODUCTS_DIR)/BPNBTV.app/BPNBTV";
			};
			name = Release;
		};
		067ADA2E1E7D13D70030C686 /* Debug */ = {
			isa = XCBuildConfiguration;
			baseConfigurationReference = DBACB96C7308AF7A470D8264 /* Pods-BPNBTVUITests.debug.xcconfig */;
			buildSettings = {
				ALWAYS_EMBED_SWIFT_STANDARD_LIBRARIES = YES;
				DEVELOPMENT_TEAM = 63M7Z7Q4QJ;
				INFOPLIST_FILE = BPNBTVUITests/Info.plist;
				LD_RUNPATH_SEARCH_PATHS = "$(inherited) @executable_path/Frameworks @loader_path/Frameworks";
				PRODUCT_BUNDLE_IDENTIFIER = kompas.BPNBTVUITests;
				PRODUCT_NAME = "$(TARGET_NAME)";
				SWIFT_VERSION = 3.0;
				TEST_TARGET_NAME = BPNBTV;
			};
			name = Debug;
		};
		067ADA2F1E7D13D70030C686 /* Release */ = {
			isa = XCBuildConfiguration;
			baseConfigurationReference = 8FB4287D56D72B6E150A5566 /* Pods-BPNBTVUITests.release.xcconfig */;
			buildSettings = {
				ALWAYS_EMBED_SWIFT_STANDARD_LIBRARIES = YES;
				DEVELOPMENT_TEAM = 63M7Z7Q4QJ;
				INFOPLIST_FILE = BPNBTVUITests/Info.plist;
				LD_RUNPATH_SEARCH_PATHS = "$(inherited) @executable_path/Frameworks @loader_path/Frameworks";
				PRODUCT_BUNDLE_IDENTIFIER = kompas.BPNBTVUITests;
				PRODUCT_NAME = "$(TARGET_NAME)";
				SWIFT_VERSION = 3.0;
				TEST_TARGET_NAME = BPNBTV;
			};
			name = Release;
		};
/* End XCBuildConfiguration section */

/* Begin XCConfigurationList section */
		067AD9F71E7D13C30030C686 /* Build configuration list for PBXProject "BPNBTV" */ = {
			isa = XCConfigurationList;
			buildConfigurations = (
				067ADA251E7D13D70030C686 /* Debug */,
				067ADA261E7D13D70030C686 /* Release */,
			);
			defaultConfigurationIsVisible = 0;
			defaultConfigurationName = Release;
		};
		067ADA271E7D13D70030C686 /* Build configuration list for PBXNativeTarget "BPNBTV" */ = {
			isa = XCConfigurationList;
			buildConfigurations = (
				067ADA281E7D13D70030C686 /* Debug */,
				067ADA291E7D13D70030C686 /* Release */,
			);
			defaultConfigurationIsVisible = 0;
			defaultConfigurationName = Release;
		};
		067ADA2A1E7D13D70030C686 /* Build configuration list for PBXNativeTarget "BPNBTVTests" */ = {
			isa = XCConfigurationList;
			buildConfigurations = (
				067ADA2B1E7D13D70030C686 /* Debug */,
				067ADA2C1E7D13D70030C686 /* Release */,
			);
			defaultConfigurationIsVisible = 0;
			defaultConfigurationName = Release;
		};
		067ADA2D1E7D13D70030C686 /* Build configuration list for PBXNativeTarget "BPNBTVUITests" */ = {
			isa = XCConfigurationList;
			buildConfigurations = (
				067ADA2E1E7D13D70030C686 /* Debug */,
				067ADA2F1E7D13D70030C686 /* Release */,
			);
			defaultConfigurationIsVisible = 0;
			defaultConfigurationName = Release;
		};
/* End XCConfigurationList section */

/* Begin XCVersionGroup section */
		067ADA061E7D13CB0030C686 /* BPNBTV.xcdatamodeld */ = {
			isa = XCVersionGroup;
			children = (
				067ADA071E7D13CB0030C686 /* BPNBTV.xcdatamodel */,
			);
			currentVersion = 067ADA071E7D13CB0030C686 /* BPNBTV.xcdatamodel */;
			path = BPNBTV.xcdatamodeld;
			sourceTree = "<group>";
			versionGroupType = wrapper.xcdatamodel;
		};
/* End XCVersionGroup section */
	};
	rootObject = 067AD9F41E7D13C30030C686 /* Project object */;
}
